{
  "name": "ts-learn",
  "version": "1.0.0",
  "lockfileVersion": 1,
  "requires": true,
  "dependencies": {
    "@types/node": {
      "version": "14.0.27",
      "resolved": "http://registry.npm.baidu-int.com/@types%2fnode/-/node-14.0.27.tgz",
      "integrity": "sha1-oVGHOvWl6FG1GzsGXJ5jOQqeDrE=",
      "dev": true
    },
    "typescript": {
      "version": "3.9.7",
      "resolved": "http://registry.npm.baidu-int.com/typescript/-/typescript-3.9.7.tgz",
      "integrity": "sha1-mNYApevcOPQMsndSLxLcgA6eJfo="
    }
  }
}
